{
  "requires": true,
  "lockfileVersion": 1,
  "dependencies": {
    "@babel/runtime": {
      "version": "7.20.13",
      "resolved": "https://registry.npmjs.org/@babel/runtime/-/runtime-7.20.13.tgz",
      "integrity": "sha512-gt3PKXs0DBoL9xCvOIIZ2NEqAGZqHjAnmVbfQtB620V0uReIQutpel14KcneZuer7UioY8ALKZ7iocavvzTNFA==",
      "requires": {
        "regenerator-runtime": "^0.13.11"
      }
    },
    "@date-io/core": {
      "version": "2.16.0",
      "resolved": "https://registry.npmjs.org/@date-io/core/-/core-2.16.0.tgz",
      "integrity": "sha512-DYmSzkr+jToahwWrsiRA2/pzMEtz9Bq1euJwoOuYwuwIYXnZFtHajY2E6a1VNVDc9jP8YUXK1BvnZH9mmT19Zg=="
    },
    "@date-io/date-fns": {
      "version": "2.16.0",
      "resolved": "https://registry.npmjs.org/@date-io/date-fns/-/date-fns-2.16.0.tgz",
      "integrity": "sha512-bfm5FJjucqlrnQcXDVU5RD+nlGmL3iWgkHTq3uAZWVIuBu6dDmGa3m8a6zo2VQQpu8ambq9H22UyUpn7590joA==",
      "requires": {
        "@date-io/core": "^2.16.0"
      }
    },
    "@date-io/dayjs": {
      "version": "2.16.0",
      "resolved": "https://registry.npmjs.org/@date-io/dayjs/-/dayjs-2.16.0.tgz",
      "integrity": "sha512-y5qKyX2j/HG3zMvIxTobYZRGnd1FUW2olZLS0vTj7bEkBQkjd2RO7/FEwDY03Z1geVGlXKnzIATEVBVaGzV4Iw==",
      "requires": {
        "@date-io/core": "^2.16.0"
      }
    },
    "@date-io/luxon": {
      "version": "2.16.1",
      "resolved": "https://registry.npmjs.org/@date-io/luxon/-/luxon-2.16.1.tgz",
      "integrity": "sha512-aeYp5K9PSHV28946pC+9UKUi/xMMYoaGelrpDibZSgHu2VWHXrr7zWLEr+pMPThSs5vt8Ei365PO+84pCm37WQ==",
      "requires": {
        "@date-io/core": "^2.16.0"
      }
    },
    "@date-io/moment": {
      "version": "2.16.1",
      "resolved": "https://registry.npmjs.org/@date-io/moment/-/moment-2.16.1.tgz",
      "integrity": "sha512-JkxldQxUqZBfZtsaCcCMkm/dmytdyq5pS1RxshCQ4fHhsvP5A7gSqPD22QbVXMcJydi3d3v1Y8BQdUKEuGACZQ==",
      "requires": {
        "@date-io/core": "^2.16.0"
      }
    },
    "@mui/utils": {
      "version": "5.11.7",
      "resolved": "https://registry.npmjs.org/@mui/utils/-/utils-5.11.7.tgz",
      "integrity": "sha512-8uyNDeVHZA804Ego20Erv8TpxlbqTe/EbhTI2H1UYr4/RiIbBprat8W4Qqr2UQIsC/b3DLz+0RQ6R/E5BxEcLA==",
      "requires": {
        "@babel/runtime": "^7.20.7",
        "@types/prop-types": "^15.7.5",
        "@types/react-is": "^16.7.1 || ^17.0.0",
        "prop-types": "^15.8.1",
        "react-is": "^18.2.0"
      }
    },
    "@mui/x-date-pickers": {
      "version": "5.0.18",
      "resolved": "https://registry.npmjs.org/@mui/x-date-pickers/-/x-date-pickers-5.0.18.tgz",
      "integrity": "sha512-kla/XJ+li+I0BGvFH/SCdC2FOovalPyTIaY1GwXzktk9LxT6j2Ylud1enfz5jymQgkadI9UbwL/XZuRNl54cAw==",
      "requires": {
        "@babel/runtime": "^7.18.9",
        "@date-io/core": "^2.15.0",
        "@date-io/date-fns": "^2.15.0",
        "@date-io/dayjs": "^2.15.0",
        "@date-io/luxon": "^2.15.0",
        "@date-io/moment": "^2.15.0",
        "@mui/utils": "^5.10.3",
        "@types/react-transition-group": "^4.4.5",
        "clsx": "^1.2.1",
        "prop-types": "^15.7.2",
        "react-transition-group": "^4.4.5",
        "rifm": "^0.12.1"
      }
    },
    "@reduxjs/toolkit": {
      "version": "1.9.3",
      "resolved": "https://registry.npmjs.org/@reduxjs/toolkit/-/toolkit-1.9.3.tgz",
      "integrity": "sha512-GU2TNBQVofL09VGmuSioNPQIu6Ml0YLf4EJhgj0AvBadRlCGzUWet8372LjvO4fqKZF2vH1xU0htAa7BrK9pZg==",
      "requires": {
        "immer": "^9.0.16",
        "redux": "^4.2.0",
        "redux-thunk": "^2.4.2",
        "reselect": "^4.1.7"
      }
    },
    "@types/prop-types": {
      "version": "15.7.5",
      "resolved": "https://registry.npmjs.org/@types/prop-types/-/prop-types-15.7.5.tgz",
      "integrity": "sha512-JCB8C6SnDoQf0cNycqd/35A7MjcnK+ZTqE7judS6o7utxUCg6imJg3QK2qzHKszlTjcj2cn+NwMB2i96ubpj7w=="
    },
    "@types/react": {
      "version": "18.0.28",
      "resolved": "https://registry.npmjs.org/@types/react/-/react-18.0.28.tgz",
      "integrity": "sha512-RD0ivG1kEztNBdoAK7lekI9M+azSnitIn85h4iOiaLjaTrMjzslhaqCGaI4IyCJ1RljWiLCEu4jyrLLgqxBTew==",
      "requires": {
        "@types/prop-types": "*",
        "@types/scheduler": "*",
        "csstype": "^3.0.2"
      }
    },
    "@types/react-is": {
      "version": "17.0.3",
      "resolved": "https://registry.npmjs.org/@types/react-is/-/react-is-17.0.3.tgz",
      "integrity": "sha512-aBTIWg1emtu95bLTLx0cpkxwGW3ueZv71nE2YFBpL8k/z5czEW8yYpOo8Dp+UUAFAtKwNaOsh/ioSeQnWlZcfw==",
      "requires": {
        "@types/react": "*"
      }
    },
    "@types/react-transition-group": {
      "version": "4.4.5",
      "resolved": "https://registry.npmjs.org/@types/react-transition-group/-/react-transition-group-4.4.5.tgz",
      "integrity": "sha512-juKD/eiSM3/xZYzjuzH6ZwpP+/lejltmiS3QEzV/vmb/Q8+HfDmxu+Baga8UEMGBqV88Nbg4l2hY/K2DkyaLLA==",
      "requires": {
        "@types/react": "*"
      }
    },
    "@types/scheduler": {
      "version": "0.16.2",
      "resolved": "https://registry.npmjs.org/@types/scheduler/-/scheduler-0.16.2.tgz",
      "integrity": "sha512-hppQEBDmlwhFAXKJX2KnWLYu5yMfi91yazPb2l+lbJiwW+wdo1gNeRA+3RgNSO39WYX2euey41KEwnqesU2Jew=="
    },
    "base64-js": {
      "version": "1.5.1",
      "resolved": "https://registry.npmjs.org/base64-js/-/base64-js-1.5.1.tgz",
      "integrity": "sha512-AKpaYlHn8t4SVbOHCy+b5+KKgvR4vrsD8vbvrbiQJps7fKDTkjkDry6ji0rUJjC0kzbNePLwzxq8iypo41qeWA=="
    },
    "buffer": {
      "version": "5.7.1",
      "resolved": "https://registry.npmjs.org/buffer/-/buffer-5.7.1.tgz",
      "integrity": "sha512-EHcyIPBQ4BSGlvjB16k5KgAJ27CIsHY/2JBmCRReo48y9rQ3MaUzWX3KVlBa4U7MyX02HdVj0K7C3WaB3ju7FQ==",
      "requires": {
        "base64-js": "^1.3.1",
        "ieee754": "^1.1.13"
      }
    },
    "clone": {
      "version": "2.1.1",
      "resolved": "https://registry.npmjs.org/clone/-/clone-2.1.1.tgz",
      "integrity": "sha512-h5FLmEMFHeuzqmpVRcDayNlVZ+k4uK1niyKQN6oUMe7ieJihv44Vc3dY/kDnnWX4PDQSwes48s965PG/D4GntQ=="
    },
    "clsx": {
      "version": "1.2.1",
      "resolved": "https://registry.npmjs.org/clsx/-/clsx-1.2.1.tgz",
      "integrity": "sha512-EcR6r5a8bj6pu3ycsa/E/cKVGuTgZJZdsyUYHOksG/UHIiKfjxzRxYJpyVBwYaQeOvghal9fcc4PidlgzugAQg=="
    },
    "component-emitter": {
      "version": "1.2.1",
      "resolved": "https://registry.npmjs.org/component-emitter/-/component-emitter-1.2.1.tgz",
      "integrity": "sha512-jPatnhd33viNplKjqXKRkGU345p263OIWzDL2wH3LGIGp5Kojo+uXizHmOADRvhGFFTnJqX3jBAKP6vvmSDKcA=="
    },
    "csstype": {
      "version": "3.1.1",
      "resolved": "https://registry.npmjs.org/csstype/-/csstype-3.1.1.tgz",
      "integrity": "sha512-DJR/VvkAvSZW9bTouZue2sSxDwdTN92uHjqeKVm+0dAqdfNykRzQ95tay8aXMBAAPpUiq4Qcug2L7neoRh2Egw=="
    },
    "dom-helpers": {
      "version": "5.2.1",
      "resolved": "https://registry.npmjs.org/dom-helpers/-/dom-helpers-5.2.1.tgz",
      "integrity": "sha512-nRCa7CK3VTrM2NmGkIy4cbK7IZlgBE/PYMn55rrXefr5xXDP0LdtfPnblFDoVdcAfslJ7or6iqAUnx0CCGIWQA==",
      "requires": {
        "@babel/runtime": "^7.8.7",
        "csstype": "^3.0.2"
      }
    },
    "get-params": {
      "version": "0.1.2",
      "resolved": "https://registry.npmjs.org/get-params/-/get-params-0.1.2.tgz",
      "integrity": "sha512-41eOxtlGgHQRbFyA8KTH+w+32Em3cRdfBud7j67ulzmIfmaHX9doq47s0fa4P5o9H64BZX9nrYI6sJvk46Op+Q=="
    },
    "ieee754": {
      "version": "1.2.1",
      "resolved": "https://registry.npmjs.org/ieee754/-/ieee754-1.2.1.tgz",
      "integrity": "sha512-dcyqhDvX1C46lXZcVqCpK+FtMRQVdIMN6/Df5js2zouUsqG7I6sFxitIC+7KYK29KdXOLHdu9zL4sFnoVQnqaA=="
    },
    "immer": {
      "version": "9.0.19",
      "resolved": "https://registry.npmjs.org/immer/-/immer-9.0.19.tgz",
      "integrity": "sha512-eY+Y0qcsB4TZKwgQzLaE/lqYMlKhv5J9dyd2RhhtGhNo2njPXDqU9XPfcNfa3MIDsdtZt5KlkIsirlo4dHsWdQ=="
    },
    "js-tokens": {
      "version": "4.0.0",
      "resolved": "https://registry.npmjs.org/js-tokens/-/js-tokens-4.0.0.tgz",
      "integrity": "sha512-RdJUflcE3cUzKiMqQgsCu06FPu9UdIJO0beYbPhHN4k6apgJtifcoCtT9bcxOpYBtpD2kCM6Sbzg4CausW/PKQ=="
    },
    "jsan": {
      "version": "3.1.14",
      "resolved": "https://registry.npmjs.org/jsan/-/jsan-3.1.14.tgz",
      "integrity": "sha512-wStfgOJqMv4QKktuH273f5fyi3D3vy2pHOiSDGPvpcS/q+wb/M7AK3vkCcaHbkZxDOlDU/lDJgccygKSG2OhtA=="
    },
    "linked-list": {
      "version": "0.1.0",
      "resolved": "https://registry.npmjs.org/linked-list/-/linked-list-0.1.0.tgz",
      "integrity": "sha512-Zr4ovrd0ODzF3ut2TWZMdHIxb8iFdJc/P3QM4iCJdlxxGHXo69c9hGIHzLo8/FtuR9E6WUZc5irKhtPUgOKMAg=="
    },
    "lodash": {
      "version": "4.17.21",
      "resolved": "https://registry.npmjs.org/lodash/-/lodash-4.17.21.tgz",
      "integrity": "sha512-v2kDEe57lecTulaDIuNTPy3Ry4gLGJ6Z1O3vE1krgXZNrsQ+LFTGHVxVjcXPs17LhbZVGedAJv8XZ1tvj5FvSg=="
    },
    "loose-envify": {
      "version": "1.4.0",
      "resolved": "https://registry.npmjs.org/loose-envify/-/loose-envify-1.4.0.tgz",
      "integrity": "sha512-lyuxPGr/Wfhrlem2CL/UcnUc1zcqKAImBDzukY7Y5F/yQiNdko6+fRLevlw1HgMySw7f611UIY408EtxRSoK3Q==",
      "requires": {
        "js-tokens": "^3.0.0 || ^4.0.0"
      }
    },
    "moment": {
      "version": "2.29.4",
      "resolved": "https://registry.npmjs.org/moment/-/moment-2.29.4.tgz",
      "integrity": "sha512-5LC9SOxjSc2HF6vO2CyuTDNivEdoz2IvyJJGj6X8DJ0eFyfszE0QiEd+iXmBvUP3WHxSjFH/vIsA0EN00cgr8w=="
    },
    "nanoid": {
      "version": "2.1.11",
      "resolved": "https://registry.npmjs.org/nanoid/-/nanoid-2.1.11.tgz",
      "integrity": "sha512-s/snB+WGm6uwi0WjsZdaVcuf3KJXlfGl2LcxgwkEwJF0D/BWzVWAZW/XY4bFaiR7s0Jk3FPvlnepg1H1b1UwlA=="
    },
    "object-assign": {
      "version": "4.1.1",
      "resolved": "https://registry.npmjs.org/object-assign/-/object-assign-4.1.1.tgz",
      "integrity": "sha512-rJgTQnkUnH1sFw8yT6VSU3zD3sWmu6sZhIseY8VX+GRu3P6F7Fu+JNDoXfklElbLJSnc3FUQHVe4cU5hj+BcUg=="
    },
    "prop-types": {
      "version": "15.8.1",
      "resolved": "https://registry.npmjs.org/prop-types/-/prop-types-15.8.1.tgz",
      "integrity": "sha512-oj87CgZICdulUohogVAR7AjlC0327U4el4L6eAvOqCeudMDVU0NThNaV+b9Df4dXgSP1gXMTnPdhfe/2qDH5cg==",
      "requires": {
        "loose-envify": "^1.4.0",
        "object-assign": "^4.1.1",
        "react-is": "^16.13.1"
      },
      "dependencies": {
        "react-is": {
          "version": "16.13.1",
          "resolved": "https://registry.npmjs.org/react-is/-/react-is-16.13.1.tgz",
          "integrity": "sha512-24e6ynE2H+OKt4kqsOvNd8kBpV65zoxbA4BVsEOB3ARVWQki/DHzaUoC5KuON/BiccDaCCTZBuOcfZs70kR8bQ=="
        }
      }
    },
    "querystring": {
      "version": "0.2.1",
      "resolved": "https://registry.npmjs.org/querystring/-/querystring-0.2.1.tgz",
      "integrity": "sha512-wkvS7mL/JMugcup3/rMitHmd9ecIGd2lhFhK9N3UUQ450h66d1r3Y9nvXzQAW1Lq+wyx61k/1pfKS5KuKiyEbg=="
    },
    "react-is": {
      "version": "18.2.0",
      "resolved": "https://registry.npmjs.org/react-is/-/react-is-18.2.0.tgz",
      "integrity": "sha512-xWGDIW6x921xtzPkhiULtthJHoJvBbF3q26fzloPCK0hsvxtPVelvftw3zjbHWSkR2km9Z+4uxbDDK/6Zw9B8w=="
    },
    "react-transition-group": {
      "version": "4.4.5",
      "resolved": "https://registry.npmjs.org/react-transition-group/-/react-transition-group-4.4.5.tgz",
      "integrity": "sha512-pZcd1MCJoiKiBR2NRxeCRg13uCXbydPnmB4EOeRrY7480qNWO8IIgQG6zlDkm6uRMsURXPuKq0GWtiM59a5Q6g==",
      "requires": {
        "@babel/runtime": "^7.5.5",
        "dom-helpers": "^5.0.1",
        "loose-envify": "^1.4.0",
        "prop-types": "^15.6.2"
      }
    },
    "redux": {
      "version": "4.2.1",
      "resolved": "https://registry.npmjs.org/redux/-/redux-4.2.1.tgz",
      "integrity": "sha512-LAUYz4lc+Do8/g7aeRa8JkyDErK6ekstQaqWQrNRW//MY1TvCEpMtpTWvlQ+FPbWCx+Xixu/6SHt5N0HR+SB4w==",
      "requires": {
        "@babel/runtime": "^7.9.2"
      }
    },
    "redux-devtools-core": {
      "version": "0.2.1",
      "resolved": "https://registry.npmjs.org/redux-devtools-core/-/redux-devtools-core-0.2.1.tgz",
      "integrity": "sha512-RAGOxtUFdr/1USAvxrWd+Gq/Euzgw7quCZlO5TgFpDfG7rB5tMhZUrNyBjpzgzL2yMk0eHnPYIGm7NkIfRzHxQ==",
      "requires": {
        "get-params": "^0.1.2",
        "jsan": "^3.1.13",
        "lodash": "^4.17.11",
        "nanoid": "^2.0.0",
        "remotedev-serialize": "^0.1.8"
      }
    },
    "redux-devtools-extension": {
      "version": "2.13.9",
      "resolved": "https://registry.npmjs.org/redux-devtools-extension/-/redux-devtools-extension-2.13.9.tgz",
      "integrity": "sha512-cNJ8Q/EtjhQaZ71c8I9+BPySIBVEKssbPpskBfsXqb8HJ002A3KRVHfeRzwRo6mGPqsm7XuHTqNSNeS1Khig0A=="
    },
    "redux-devtools-instrument": {
      "version": "1.10.0",
      "resolved": "https://registry.npmjs.org/redux-devtools-instrument/-/redux-devtools-instrument-1.10.0.tgz",
      "integrity": "sha512-X8JRBCzX2ADSMp+iiV7YQ8uoTNyEm0VPFPd4T854coz6lvRiBrFSqAr9YAS2n8Kzxx8CJQotR0QF9wsMM+3DvA==",
      "requires": {
        "lodash": "^4.17.19",
        "symbol-observable": "^1.2.0"
      }
    },
    "redux-thunk": {
      "version": "2.4.2",
      "resolved": "https://registry.npmjs.org/redux-thunk/-/redux-thunk-2.4.2.tgz",
      "integrity": "sha512-+P3TjtnP0k/FEjcBL5FZpoovtvrTNT/UXd4/sluaSyrURlSlhLSzEdfsTBW7WsKB6yPvgd7q/iZPICFjW4o57Q=="
    },
    "regenerator-runtime": {
      "version": "0.13.11",
      "resolved": "https://registry.npmjs.org/regenerator-runtime/-/regenerator-runtime-0.13.11.tgz",
      "integrity": "sha512-kY1AZVr2Ra+t+piVaJ4gxaFaReZVH40AKNo7UCX6W+dEwBo/2oZJzqfuN1qLq1oL45o56cPaTXELwrTh8Fpggg=="
    },
    "remote-redux-devtools": {
      "version": "0.5.16",
      "resolved": "https://registry.npmjs.org/remote-redux-devtools/-/remote-redux-devtools-0.5.16.tgz",
      "integrity": "sha512-xZ2D1VRIWzat5nsvcraT6fKEX9Cfi+HbQBCwzNnUAM8Uicm/anOc60XGalcaDPrVmLug7nhDl2nimEa3bL3K9w==",
      "requires": {
        "jsan": "^3.1.13",
        "querystring": "^0.2.0",
        "redux-devtools-core": "^0.2.1",
        "redux-devtools-instrument": "^1.9.4",
        "rn-host-detect": "^1.1.5",
        "socketcluster-client": "^14.2.1"
      }
    },
    "remotedev-serialize": {
      "version": "0.1.9",
      "resolved": "https://registry.npmjs.org/remotedev-serialize/-/remotedev-serialize-0.1.9.tgz",
      "integrity": "sha512-5tFdZg9mSaAWTv6xmQ7HtHjKMLSFQFExEZOtJe10PLsv1wb7cy7kYHtBvTYRro27/3fRGEcQBRNKSaixOpb69w==",
      "requires": {
        "jsan": "^3.1.13"
      }
    },
    "reselect": {
      "version": "4.1.7",
      "resolved": "https://registry.npmjs.org/reselect/-/reselect-4.1.7.tgz",
      "integrity": "sha512-Zu1xbUt3/OPwsXL46hvOOoQrap2azE7ZQbokq61BQfiXvhewsKDwhMeZjTX9sX0nvw1t/U5Audyn1I9P/m9z0A=="
    },
    "rifm": {
      "version": "0.12.1",
      "resolved": "https://registry.npmjs.org/rifm/-/rifm-0.12.1.tgz",
      "integrity": "sha512-OGA1Bitg/dSJtI/c4dh90svzaUPt228kzFsUkJbtA2c964IqEAwWXeL9ZJi86xWv3j5SMqRvGULl7bA6cK0Bvg=="
    },
    "rn-host-detect": {
      "version": "1.2.0",
      "resolved": "https://registry.npmjs.org/rn-host-detect/-/rn-host-detect-1.2.0.tgz",
      "integrity": "sha512-btNg5kzHcjZZ7t7mvvV/4wNJ9e3MPgrWivkRgWURzXL0JJ0pwWlU4zrbmdlz3HHzHOxhBhHB4D+/dbMFfu4/4A=="
    },
    "sc-channel": {
      "version": "1.2.0",
      "resolved": "https://registry.npmjs.org/sc-channel/-/sc-channel-1.2.0.tgz",
      "integrity": "sha512-M3gdq8PlKg0zWJSisWqAsMmTVxYRTpVRqw4CWAdKBgAfVKumFcTjoCV0hYu7lgUXccCtCD8Wk9VkkE+IXCxmZA==",
      "requires": {
        "component-emitter": "1.2.1"
      }
    },
    "sc-errors": {
      "version": "2.0.1",
      "resolved": "https://registry.npmjs.org/sc-errors/-/sc-errors-2.0.1.tgz",
      "integrity": "sha512-JoVhq3Ud+3Ujv2SIG7W0XtjRHsrNgl6iXuHHsh0s+Kdt5NwI6N2EGAZD4iteitdDv68ENBkpjtSvN597/wxPSQ=="
    },
    "sc-formatter": {
      "version": "3.0.3",
      "resolved": "https://registry.npmjs.org/sc-formatter/-/sc-formatter-3.0.3.tgz",
      "integrity": "sha512-lYI/lTs1u1c0geKElcj+bmEUfcP/HuKg2iDeTijPSjiTNFzN3Cf8Qh6tVd65oi7Qn+2/oD7LP4s6GC13v/9NiQ=="
    },
    "socketcluster-client": {
      "version": "14.3.2",
      "resolved": "https://registry.npmjs.org/socketcluster-client/-/socketcluster-client-14.3.2.tgz",
      "integrity": "sha512-xDtgW7Ss0ARlfhx53bJ5GY5THDdEOeJnT+/C9Rmrj/vnZr54xeiQfrCZJbcglwe732nK3V+uZq87IvrRl7Hn4g==",
      "requires": {
        "buffer": "^5.2.1",
        "clone": "2.1.1",
        "component-emitter": "1.2.1",
        "linked-list": "0.1.0",
        "querystring": "0.2.0",
        "sc-channel": "^1.2.0",
        "sc-errors": "^2.0.1",
        "sc-formatter": "^3.0.1",
        "uuid": "3.2.1",
        "ws": "^7.5.0"
      },
      "dependencies": {
        "querystring": {
          "version": "0.2.0",
          "resolved": "https://registry.npmjs.org/querystring/-/querystring-0.2.0.tgz",
          "integrity": "sha512-X/xY82scca2tau62i9mDyU9K+I+djTMUsvwf7xnUX5GLvVzgJybOJf4Y6o9Zx3oJK/LSXg5tTZBjwzqVPaPO2g=="
        }
      }
    },
    "symbol-observable": {
      "version": "1.2.0",
      "resolved": "https://registry.npmjs.org/symbol-observable/-/symbol-observable-1.2.0.tgz",
      "integrity": "sha512-e900nM8RRtGhlV36KGEU9k65K3mPb1WV70OdjfxlG2EAuM1noi/E/BaW/uMhL7bPEssK8QV57vN3esixjUvcXQ=="
    },
    "uuid": {
      "version": "3.2.1",
      "resolved": "https://registry.npmjs.org/uuid/-/uuid-3.2.1.tgz",
      "integrity": "sha512-jZnMwlb9Iku/O3smGWvZhauCf6cvvpKi4BKRiliS3cxnI+Gz9j5MEpTz2UFuXiKPJocb7gnsLHwiS05ige5BEA=="
    },
    "ws": {
      "version": "7.5.9",
      "resolved": "https://registry.npmjs.org/ws/-/ws-7.5.9.tgz",
      "integrity": "sha512-F+P9Jil7UiSKSkppIiD94dN07AwvFixvLIj1Og1Rl9GGMuNipJnV9JzjD6XuqmAeiswGvUmNLjr5cFuXwNS77Q=="
    }
  }
}
